
Microsoft Visual Studio Solution File, Format Version 12.00
# Visual Studio 2012
Project("{8BC9CEB8-8B4A-11D0-8D11-00A0C91BC942}") = "pcre_pkgtest", "pcre_pkgtest\pcre_pkgtest.vcxproj", "{D4E0F88F-5E82-4FD2-BF1C-C29C6E6DF90A}"
EndProject
Global
	GlobalSection(SolutionConfigurationPlatforms) = preSolution
		Debug|Win32 = Debug|Win32
		Release|Win32 = Release|Win32
	EndGlobalSection
	GlobalSection(ProjectConfigurationPlatforms) = postSolution
		{D4E0F88F-5E82-4FD2-BF1C-C29C6E6DF90A}.Debug|Win32.ActiveCfg = Debug|Win32
		{D4E0F88F-5E82-4FD2-BF1C-C29C6E6DF90A}.Debug|Win32.Build.0 = Debug|Win32
		{D4E0F88F-5E82-4FD2-BF1C-C29C6E6DF90A}.Release|Win32.ActiveCfg = Release|Win32
		{D4E0F88F-5E82-4FD2-BF1C-C29C6E6DF90A}.Release|Win32.Build.0 = Release|Win32
	EndGlobalSection
	GlobalSection(SolutionProperties) = preSolution
		HideSolutionNode = FALSE
	EndGlobalSection
EndGlobal
